github.com/ffoknevirk/knowledge_mod v1.0.1 h1:5FUhVQrWK0PULYdXrz0VXNKVO6FvzGhmG8rsphmutoA=
github.com/ffoknevirk/knowledge_mod v1.0.1/go.mod h1:3VzE/xwB8ckrBigXMvhBOGKBT5+fFaq52Gacdx9k4JY=
github.com/ffoknevirk/knowledge_mod v1.0.2 h1:pet/u4iWZgb0KUUadXjVk+6N3r6E9JNHYR5snBkX7Jk=
github.com/ffoknevirk/knowledge_mod v1.0.2/go.mod h1:3VzE/xwB8ckrBigXMvhBOGKBT5+fFaq52Gacdx9k4JY=
